
Microsoft Visual Studio Solution File, Format Version 12.00
# Visual Studio Version 17
VisualStudioVersion = 17.9.34728.123
MinimumVisualStudioVersion = 10.0.40219.1
Project("{9A19103F-16F7-4668-BE54-9A1E7A4F7556}") = "GUI", "GUI\GUI.csproj", "{3B117173-D215-48EC-81C9-FAAB0FCAE3F9}"
EndProject
Project("{FAE04EC0-301F-11D3-BF4B-00C04F79EFBC}") = "BLL", "BLL\BLL.csproj", "{C6FCD65B-9917-47AF-AC8E-BD9FD30D213F}"
EndProject
Project("{FAE04EC0-301F-11D3-BF4B-00C04F79EFBC}") = "DAL", "DAL\DAL.csproj", "{8A919D6C-4053-4CF2-8C3E-33E5E6D61F8D}"
EndProject
Project("{FAE04EC0-301F-11D3-BF4B-00C04F79EFBC}") = "DTO", "DTO\DTO.csproj", "{5462C3FC-E4C9-4C86-96A6-EAC535ACC6DF}"
EndProject
Global
	GlobalSection(SolutionConfigurationPlatforms) = preSolution
		Debug|Any CPU = Debug|Any CPU
		Release|Any CPU = Release|Any CPU
	EndGlobalSection
	GlobalSection(ProjectConfigurationPlatforms) = postSolution
		{3B117173-D215-48EC-81C9-FAAB0FCAE3F9}.Debug|Any CPU.ActiveCfg = Debug|Any CPU
		{3B117173-D215-48EC-81C9-FAAB0FCAE3F9}.Debug|Any CPU.Build.0 = Debug|Any CPU
		{3B117173-D215-48EC-81C9-FAAB0FCAE3F9}.Release|Any CPU.ActiveCfg = Release|Any CPU
		{3B117173-D215-48EC-81C9-FAAB0FCAE3F9}.Release|Any CPU.Build.0 = Release|Any CPU
		{C6FCD65B-9917-47AF-AC8E-BD9FD30D213F}.Debug|Any CPU.ActiveCfg = Debug|Any CPU
		{C6FCD65B-9917-47AF-AC8E-BD9FD30D213F}.Debug|Any CPU.Build.0 = Debug|Any CPU
		{C6FCD65B-9917-47AF-AC8E-BD9FD30D213F}.Release|Any CPU.ActiveCfg = Release|Any CPU
		{C6FCD65B-9917-47AF-AC8E-BD9FD30D213F}.Release|Any CPU.Build.0 = Release|Any CPU
		{8A919D6C-4053-4CF2-8C3E-33E5E6D61F8D}.Debug|Any CPU.ActiveCfg = Debug|Any CPU
		{8A919D6C-4053-4CF2-8C3E-33E5E6D61F8D}.Debug|Any CPU.Build.0 = Debug|Any CPU
		{8A919D6C-4053-4CF2-8C3E-33E5E6D61F8D}.Release|Any CPU.ActiveCfg = Release|Any CPU
		{8A919D6C-4053-4CF2-8C3E-33E5E6D61F8D}.Release|Any CPU.Build.0 = Release|Any CPU
		{5462C3FC-E4C9-4C86-96A6-EAC535ACC6DF}.Debug|Any CPU.ActiveCfg = Debug|Any CPU
		{5462C3FC-E4C9-4C86-96A6-EAC535ACC6DF}.Debug|Any CPU.Build.0 = Debug|Any CPU
		{5462C3FC-E4C9-4C86-96A6-EAC535ACC6DF}.Release|Any CPU.ActiveCfg = Release|Any CPU
		{5462C3FC-E4C9-4C86-96A6-EAC535ACC6DF}.Release|Any CPU.Build.0 = Release|Any CPU
	EndGlobalSection
	GlobalSection(SolutionProperties) = preSolution
		HideSolutionNode = FALSE
	EndGlobalSection
	GlobalSection(ExtensibilityGlobals) = postSolution
		SolutionGuid = {103184E3-C5A2-450F-8328-4A5711D5710A}
	EndGlobalSection
EndGlobal
